
Microsoft Visual Studio Solution File, Format Version 12.00
# Visual Studio Version 17
VisualStudioVersion = 17.2.32616.157
MinimumVisualStudioVersion = 10.0.40219.1
Project("{9A19103F-16F7-4668-BE54-9A1E7A4F7556}") = "MathProject", "MathProject\MathProject.csproj", "{B8430A9C-5DD8-4A59-AF0E-BF6BB3834C1C}"
EndProject
Project("{2150E333-8FDC-42A3-9474-1A3956D46DE8}") = "Solution Items", "Solution Items", "{86488692-C461-4951-8938-940CE87CBF7F}"
	ProjectSection(SolutionItems) = preProject
		.editorconfig = .editorconfig
	EndProjectSection
EndProject
Global
	GlobalSection(SolutionConfigurationPlatforms) = preSolution
		Debug|Any CPU = Debug|Any CPU
		Release|Any CPU = Release|Any CPU
	EndGlobalSection
	GlobalSection(ProjectConfigurationPlatforms) = postSolution
		{B8430A9C-5DD8-4A59-AF0E-BF6BB3834C1C}.Debug|Any CPU.ActiveCfg = Debug|Any CPU
		{B8430A9C-5DD8-4A59-AF0E-BF6BB3834C1C}.Debug|Any CPU.Build.0 = Debug|Any CPU
		{B8430A9C-5DD8-4A59-AF0E-BF6BB3834C1C}.Release|Any CPU.ActiveCfg = Release|Any CPU
		{B8430A9C-5DD8-4A59-AF0E-BF6BB3834C1C}.Release|Any CPU.Build.0 = Release|Any CPU
	EndGlobalSection
	GlobalSection(SolutionProperties) = preSolution
		HideSolutionNode = FALSE
	EndGlobalSection
	GlobalSection(ExtensibilityGlobals) = postSolution
		SolutionGuid = {85AA1033-8860-40EB-8390-33D87BD39435}
	EndGlobalSection
EndGlobal
